// !$*UTF8*$!
{
	archiveVersion = 1;
	classes = {
	};
	objectVersion = 46;
	objects = {

/* Begin PBXBuildFile section */
		966D05B5188D819000830842 /* Cocoa.framework in Frameworks */ = {isa = PBXBuildFile; fileRef = 966D05B4188D819000830842 /* Cocoa.framework */; };
		966D05C1188D819000830842 /* main.m in Sources */ = {isa = PBXBuildFile; fileRef = 966D05C0188D819000830842 /* main.m */; };
		966D05C8188D819000830842 /* AppDelegate.m in Sources */ = {isa = PBXBuildFile; fileRef = 966D05C7188D819000830842 /* AppDelegate.m */; };
		966D05CB188D819000830842 /* MainMenu.xib in Resources */ = {isa = PBXBuildFile; fileRef = 966D05C9188D819000830842 /* MainMenu.xib */; };
		966D05EA188D81D600830842 /* LiveWaveformView.m in Sources */ = {isa = PBXBuildFile; fileRef = 966D05E9188D81D600830842 /* LiveWaveformView.m */; };
		966D05EC188D833F00830842 /* AVFoundation.framework in Frameworks */ = {isa = PBXBuildFile; fileRef = 966D05EB188D833F00830842 /* AVFoundation.framework */; };
/* End PBXBuildFile section */

/* Begin PBXFileReference section */
		966D05B1188D819000830842 /* Demo.app */ = {isa = PBXFileReference; explicitFileType = wrapper.application; includeInIndex = 0; path = Demo.app; sourceTree = BUILT_PRODUCTS_DIR; };
		966D05B4188D819000830842 /* Cocoa.framework */ = {isa = PBXFileReference; lastKnownFileType = wrapper.framework; name = Cocoa.framework; path = System/Library/Frameworks/Cocoa.framework; sourceTree = SDKROOT; };
		966D05B7188D819000830842 /* AppKit.framework */ = {isa = PBXFileReference; lastKnownFileType = wrapper.framework; name = AppKit.framework; path = System/Library/Frameworks/AppKit.framework; sourceTree = SDKROOT; };
		966D05B8188D819000830842 /* CoreData.framework */ = {isa = PBXFileReference; lastKnownFileType = wrapper.framework; name = CoreData.framework; path = System/Library/Frameworks/CoreData.framework; sourceTree = SDKROOT; };
		966D05B9188D819000830842 /* Foundation.framework */ = {isa = PBXFileReference; lastKnownFileType = wrapper.framework; name = Foundation.framework; path = System/Library/Frameworks/Foundation.framework; sourceTree = SDKROOT; };
		966D05BC188D819000830842 /* Demo-Info.plist */ = {isa = PBXFileReference; lastKnownFileType = text.plist.xml; path = "Demo-Info.plist"; sourceTree = "<group>"; };
		966D05C0188D819000830842 /* main.m */ = {isa = PBXFileReference; lastKnownFileType = sourcecode.c.objc; path = main.m; sourceTree = "<group>"; };
		966D05C2188D819000830842 /* Demo-Prefix.pch */ = {isa = PBXFileReference; lastKnownFileType = sourcecode.c.h; path = "Demo-Prefix.pch"; sourceTree = "<group>"; };
		966D05C6188D819000830842 /* AppDelegate.h */ = {isa = PBXFileReference; lastKnownFileType = sourcecode.c.h; path = AppDelegate.h; sourceTree = "<group>"; };
		966D05C7188D819000830842 /* AppDelegate.m */ = {isa = PBXFileReference; lastKnownFileType = sourcecode.c.objc; path = AppDelegate.m; sourceTree = "<group>"; };
		966D05CA188D819000830842 /* Base */ = {isa = PBXFileReference; lastKnownFileType = file.xib; name = Base; path = Base.lproj/MainMenu.xib; sourceTree = "<group>"; };
		966D05E8188D81D600830842 /* LiveWaveformView.h */ = {isa = PBXFileReference; fileEncoding = 4; lastKnownFileType = sourcecode.c.h; name = LiveWaveformView.h; path = ../../LiveWaveformView.h; sourceTree = "<group>"; };
		966D05E9188D81D600830842 /* LiveWaveformView.m */ = {isa = PBXFileReference; fileEncoding = 4; lastKnownFileType = sourcecode.c.objc; name = LiveWaveformView.m; path = ../../LiveWaveformView.m; sourceTree = "<group>"; };
		966D05EB188D833F00830842 /* AVFoundation.framework */ = {isa = PBXFileReference; lastKnownFileType = wrapper.framework; name = AVFoundation.framework; path = System/Library/Frameworks/AVFoundation.framework; sourceTree = SDKROOT; };
/* End PBXFileReference section */

/* Begin PBXFrameworksBuildPhase section */
		966D05AE188D819000830842 /* Frameworks */ = {
			isa = PBXFrameworksBuildPhase;
			buildActionMask = 2147483647;
			files = (
				966D05EC188D833F00830842 /* AVFoundation.framework in Frameworks */,
				966D05B5188D819000830842 /* Cocoa.framework in Frameworks */,
			);
			runOnlyForDeploymentPostprocessing = 0;
		};
/* End PBXFrameworksBuildPhase section */

/* Begin PBXGroup section */
		966D05A8188D819000830842 = {
			isa = PBXGroup;
			children = (
				966D05BA188D819000830842 /* Demo */,
				966D05B3188D819000830842 /* Frameworks */,
				966D05B2188D819000830842 /* Products */,
			);
			sourceTree = "<group>";
		};
		966D05B2188D819000830842 /* Products */ = {
			isa = PBXGroup;
			children = (
				966D05B1188D819000830842 /* Demo.app */,
			);
			name = Products;
			sourceTree = "<group>";
		};
		966D05B3188D819000830842 /* Frameworks */ = {
			isa = PBXGroup;
			children = (
				966D05EB188D833F00830842 /* AVFoundation.framework */,
				966D05B4188D819000830842 /* Cocoa.framework */,
				966D05B6188D819000830842 /* Other Frameworks */,
			);
			name = Frameworks;
			sourceTree = "<group>";
		};
		966D05B6188D819000830842 /* Other Frameworks */ = {
			isa = PBXGroup;
			children = (
				966D05B7188D819000830842 /* AppKit.framework */,
				966D05B8188D819000830842 /* CoreData.framework */,
				966D05B9188D819000830842 /* Foundation.framework */,
			);
			name = "Other Frameworks";
			sourceTree = "<group>";
		};
		966D05BA188D819000830842 /* Demo */ = {
			isa = PBXGroup;
			children = (
				966D05E8188D81D600830842 /* LiveWaveformView.h */,
				966D05E9188D81D600830842 /* LiveWaveformView.m */,
				966D05C6188D819000830842 /* AppDelegate.h */,
				966D05C7188D819000830842 /* AppDelegate.m */,
				966D05C9188D819000830842 /* MainMenu.xib */,
				966D05BB188D819000830842 /* Supporting Files */,
			);
			path = Demo;
			sourceTree = "<group>";
		};
		966D05BB188D819000830842 /* Supporting Files */ = {
			isa = PBXGroup;
			children = (
				966D05BC188D819000830842 /* Demo-Info.plist */,
				966D05C0188D819000830842 /* main.m */,
				966D05C2188D819000830842 /* Demo-Prefix.pch */,
			);
			name = "Supporting Files";
			sourceTree = "<group>";
		};
/* End PBXGroup section */

/* Begin PBXNativeTarget section */
		966D05B0188D819000830842 /* Demo */ = {
			isa = PBXNativeTarget;
			buildConfigurationList = 966D05E2188D819000830842 /* Build configuration list for PBXNativeTarget "Demo" */;
			buildPhases = (
				966D05AD188D819000830842 /* Sources */,
				966D05AE188D819000830842 /* Frameworks */,
				966D05AF188D819000830842 /* Resources */,
			);
			buildRules = (
			);
			dependencies = (
			);
			name = Demo;
			productName = Demo;
			productReference = 966D05B1188D819000830842 /* Demo.app */;
			productType = "com.apple.product-type.application";
		};
/* End PBXNativeTarget section */

/* Begin PBXProject section */
		966D05A9188D819000830842 /* Project object */ = {
			isa = PBXProject;
			attributes = {
				LastUpgradeCheck = 0500;
				ORGANIZATIONNAME = "Seb Jachec";
			};
			buildConfigurationList = 966D05AC188D819000830842 /* Build configuration list for PBXProject "Demo" */;
			compatibilityVersion = "Xcode 3.2";
			developmentRegion = English;
			hasScannedForEncodings = 0;
			knownRegions = (
				en,
				Base,
			);
			mainGroup = 966D05A8188D819000830842;
			productRefGroup = 966D05B2188D819000830842 /* Products */;
			projectDirPath = "";
			projectRoot = "";
			targets = (
				966D05B0188D819000830842 /* Demo */,
			);
		};
/* End PBXProject section */

/* Begin PBXResourcesBuildPhase section */
		966D05AF188D819000830842 /* Resources */ = {
			isa = PBXResourcesBuildPhase;
			buildActionMask = 2147483647;
			files = (
				966D05CB188D819000830842 /* MainMenu.xib in Resources */,
			);
			runOnlyForDeploymentPostprocessing = 0;
		};
/* End PBXResourcesBuildPhase section */

/* Begin PBXSourcesBuildPhase section */
		966D05AD188D819000830842 /* Sources */ = {
			isa = PBXSourcesBuildPhase;
			buildActionMask = 2147483647;
			files = (
				966D05EA188D81D600830842 /* LiveWaveformView.m in Sources */,
				966D05C8188D819000830842 /* AppDelegate.m in Sources */,
				966D05C1188D819000830842 /* main.m in Sources */,
			);
			runOnlyForDeploymentPostprocessing = 0;
		};
/* End PBXSourcesBuildPhase section */

/* Begin PBXVariantGroup section */
		966D05C9188D819000830842 /* MainMenu.xib */ = {
			isa = PBXVariantGroup;
			children = (
				966D05CA188D819000830842 /* Base */,
			);
			name = MainMenu.xib;
			sourceTree = "<group>";
		};
/* End PBXVariantGroup section */

/* Begin XCBuildConfiguration section */
		966D05E0188D819000830842 /* Debug */ = {
			isa = XCBuildConfiguration;
			buildSettings = {
				ALWAYS_SEARCH_USER_PATHS = NO;
				CLANG_CXX_LANGUAGE_STANDARD = "gnu++0x";
				CLANG_CXX_LIBRARY = "libc++";
				CLANG_ENABLE_OBJC_ARC = YES;
				CLANG_WARN_BOOL_CONVERSION = YES;
				CLANG_WARN_CONSTANT_CONVERSION = YES;
				CLANG_WARN_DIRECT_OBJC_ISA_USAGE = YES_ERROR;
				CLANG_WARN_EMPTY_BODY = YES;
				CLANG_WARN_ENUM_CONVERSION = YES;
				CLANG_WARN_INT_CONVERSION = YES;
				CLANG_WARN_OBJC_ROOT_CLASS = YES_ERROR;
				CLANG_WARN__DUPLICATE_METHOD_MATCH = YES;
				COPY_PHASE_STRIP = NO;
				GCC_C_LANGUAGE_STANDARD = gnu99;
				GCC_DYNAMIC_NO_PIC = NO;
				GCC_ENABLE_OBJC_EXCEPTIONS = YES;
				GCC_OPTIMIZATION_LEVEL = 0;
				GCC_PREPROCESSOR_DEFINITIONS = (
					"DEBUG=1",
					"$(inherited)",
				);
				GCC_SYMBOLS_PRIVATE_EXTERN = NO;
				GCC_WARN_64_TO_32_BIT_CONVERSION = YES;
				GCC_WARN_ABOUT_RETURN_TYPE = YES_ERROR;
				GCC_WARN_UNDECLARED_SELECTOR = YES;
				GCC_WARN_UNINITIALIZED_AUTOS = YES;
				GCC_WARN_UNUSED_FUNCTION = YES;
				GCC_WARN_UNUSED_VARIABLE = YES;
				MACOSX_DEPLOYMENT_TARGET = 10.9;
				ONLY_ACTIVE_ARCH = YES;
				SDKROOT = macosx;
			};
			name = Debug;
		};
		966D05E1188D819000830842 /* Release */ = {
			isa = XCBuildConfiguration;
			buildSettings = {
				ALWAYS_SEARCH_USER_PATHS = NO;
				CLANG_CXX_LANGUAGE_STANDARD = "gnu++0x";
				CLANG_CXX_LIBRARY = "libc++";
				CLANG_ENABLE_OBJC_ARC = YES;
				CLANG_WARN_BOOL_CONVERSION = YES;
				CLANG_WARN_CONSTANT_CONVERSION = YES;
				CLANG_WARN_DIRECT_OBJC_ISA_USAGE = YES_ERROR;
				CLANG_WARN_EMPTY_BODY = YES;
				CLANG_WARN_ENUM_CONVERSION = YES;
				CLANG_WARN_INT_CONVERSION = YES;
				CLANG_WARN_OBJC_ROOT_CLASS = YES_ERROR;
				CLANG_WARN__DUPLICATE_METHOD_MATCH = YES;
				COPY_PHASE_STRIP = YES;
				DEBUG_INFORMATION_FORMAT = "dwarf-with-dsym";
				ENABLE_NS_ASSERTIONS = NO;
				GCC_C_LANGUAGE_STANDARD = gnu99;
				GCC_ENABLE_OBJC_EXCEPTIONS = YES;
				GCC_WARN_64_TO_32_BIT_CONVERSION = YES;
				GCC_WARN_ABOUT_RETURN_TYPE = YES_ERROR;
				GCC_WARN_UNDECLARED_SELECTOR = YES;
				GCC_WARN_UNINITIALIZED_AUTOS = YES;
				GCC_WARN_UNUSED_FUNCTION = YES;
				GCC_WARN_UNUSED_VARIABLE = YES;
				MACOSX_DEPLOYMENT_TARGET = 10.9;
				SDKROOT = macosx;
			};
			name = Release;
		};
		966D05E3188D819000830842 /* Debug */ = {
			isa = XCBuildConfiguration;
			buildSettings = {
				ASSETCATALOG_COMPILER_APPICON_NAME = AppIcon;
				COMBINE_HIDPI_IMAGES = YES;
				GCC_PRECOMPILE_PREFIX_HEADER = YES;
				GCC_PREFIX_HEADER = "Demo/Demo-Prefix.pch";
				INFOPLIST_FILE = "Demo/Demo-Info.plist";
				PRODUCT_NAME = "$(TARGET_NAME)";
				WRAPPER_EXTENSION = app;
			};
			name = Debug;
		};
		966D05E4188D819000830842 /* Release */ = {
			isa = XCBuildConfiguration;
			buildSettings = {
				ASSETCATALOG_COMPILER_APPICON_NAME = AppIcon;
				COMBINE_HIDPI_IMAGES = YES;
				GCC_PRECOMPILE_PREFIX_HEADER = YES;
				GCC_PREFIX_HEADER = "Demo/Demo-Prefix.pch";
				INFOPLIST_FILE = "Demo/Demo-Info.plist";
				PRODUCT_NAME = "$(TARGET_NAME)";
				WRAPPER_EXTENSION = app;
			};
			name = Release;
		};
/* End XCBuildConfiguration section */

/* Begin XCConfigurationList section */
		966D05AC188D819000830842 /* Build configuration list for PBXProject "Demo" */ = {
			isa = XCConfigurationList;
			buildConfigurations = (
				966D05E0188D819000830842 /* Debug */,
				966D05E1188D819000830842 /* Release */,
			);
			defaultConfigurationIsVisible = 0;
			defaultConfigurationName = Release;
		};
		966D05E2188D819000830842 /* Build configuration list for PBXNativeTarget "Demo" */ = {
			isa = XCConfigurationList;
			buildConfigurations = (
				966D05E3188D819000830842 /* Debug */,
				966D05E4188D819000830842 /* Release */,
			);
			defaultConfigurationIsVisible = 0;
		};
/* End XCConfigurationList section */
	};
	rootObject = 966D05A9188D819000830842 /* Project object */;
}
